
Microsoft Visual Studio Solution File, Format Version 12.00
# Visual Studio 15
VisualStudioVersion = 15.0.25428.1
MinimumVisualStudioVersion = 10.0.40219.1
Project("{FAE04EC0-301F-11D3-BF4B-00C04F79EFBC}") = "TabSanity", "TabSanity\TabSanity.csproj", "{91DC7196-68A5-453D-A8D3-DC881EAA6481}"
EndProject
Global
	GlobalSection(SolutionConfigurationPlatforms) = preSolution
		Debug|Any CPU = Debug|Any CPU
		Release|Any CPU = Release|Any CPU
	EndGlobalSection
	GlobalSection(ProjectConfigurationPlatforms) = postSolution
		{91DC7196-68A5-453D-A8D3-DC881EAA6481}.Debug|Any CPU.ActiveCfg = Debug|Any CPU
		{91DC7196-68A5-453D-A8D3-DC881EAA6481}.Debug|Any CPU.Build.0 = Debug|Any CPU
		{91DC7196-68A5-453D-A8D3-DC881EAA6481}.Release|Any CPU.ActiveCfg = Release|Any CPU
		{91DC7196-68A5-453D-A8D3-DC881EAA6481}.Release|Any CPU.Build.0 = Release|Any CPU
	EndGlobalSection
	GlobalSection(SolutionProperties) = preSolution
		HideSolutionNode = FALSE
	EndGlobalSection
EndGlobal
